
Microsoft Visual Studio Solution File, Format Version 12.00
# Visual Studio Version 17
VisualStudioVersion = 17.0.31903.59
MinimumVisualStudioVersion = 10.0.40219.1
Project("{FAE04EC0-301F-11D3-BF4B-00C04F79EFBC}") = "AppServices", "src\AppServices\AppServices.csproj", "{AAF6516D-BF4D-4B86-AACC-DBE6223F05C5}"
EndProject
Project("{FAE04EC0-301F-11D3-BF4B-00C04F79EFBC}") = "Domain", "src\Domain\Domain.csproj", "{B1190FE1-7C49-43B4-A44D-76990E49BF7C}"
EndProject
Project("{FAE04EC0-301F-11D3-BF4B-00C04F79EFBC}") = "EfRepository", "src\EfRepository\EfRepository.csproj", "{5746D999-0127-4584-A1AC-02EEFF97A7DE}"
EndProject
Project("{FAE04EC0-301F-11D3-BF4B-00C04F79EFBC}") = "LocalRepository", "src\LocalRepository\LocalRepository.csproj", "{D48ABAA1-B558-4831-A933-AB4D004BDBEE}"
EndProject
Project("{FAE04EC0-301F-11D3-BF4B-00C04F79EFBC}") = "TestData", "src\TestData\TestData.csproj", "{1CE6EC49-05A1-4079-84E3-62EEEB8E7872}"
EndProject
Project("{FAE04EC0-301F-11D3-BF4B-00C04F79EFBC}") = "WebApp", "src\WebApp\WebApp.csproj", "{7AFF158B-FA88-41AA-B664-141628A9B18B}"
EndProject
Project("{2150E333-8FDC-42A3-9474-1A3956D46DE8}") = "tests", "tests", "{BF7EEA01-ACD6-40C2-B0CD-3D15117B9A2F}"
EndProject
Project("{FAE04EC0-301F-11D3-BF4B-00C04F79EFBC}") = "AppServicesTests", "tests\AppServicesTests\AppServicesTests.csproj", "{C8AA521A-73E3-41AC-A169-C93AED3DD25B}"
EndProject
Project("{FAE04EC0-301F-11D3-BF4B-00C04F79EFBC}") = "DomainTests", "tests\DomainTests\DomainTests.csproj", "{032E1202-BE5B-4158-B437-ACB0CB44DDAB}"
EndProject
Project("{FAE04EC0-301F-11D3-BF4B-00C04F79EFBC}") = "EfRepositoryTests", "tests\EfRepositoryTests\EfRepositoryTests.csproj", "{B50A57D6-5FFA-4CA7-AB34-AE4C335D9F4C}"
EndProject
Project("{FAE04EC0-301F-11D3-BF4B-00C04F79EFBC}") = "LocalRepositoryTests", "tests\LocalRepositoryTests\LocalRepositoryTests.csproj", "{F54B19CB-9B71-42F1-BAA7-2E57CDC66B7E}"
EndProject
Project("{FAE04EC0-301F-11D3-BF4B-00C04F79EFBC}") = "WebAppTests", "tests\WebAppTests\WebAppTests.csproj", "{FF2B98AB-6C32-46DD-BE26-2C53B9E885AC}"
EndProject
Project("{FAE04EC0-301F-11D3-BF4B-00C04F79EFBC}") = "IaipDataService", "src\IaipDataService\IaipDataService.csproj", "{B484C8B5-990E-403A-83B0-C4BBBAAE338D}"
EndProject
Project("{FAE04EC0-301F-11D3-BF4B-00C04F79EFBC}") = "IaipDataServiceTests", "tests\IaipDataServiceTests\IaipDataServiceTests.csproj", "{40310DBE-DF16-4468-AF2A-BF795956E207}"
EndProject
Global
	GlobalSection(SolutionConfigurationPlatforms) = preSolution
		Debug|Any CPU = Debug|Any CPU
		Release|Any CPU = Release|Any CPU
	EndGlobalSection
	GlobalSection(ProjectConfigurationPlatforms) = postSolution
		{AAF6516D-BF4D-4B86-AACC-DBE6223F05C5}.Debug|Any CPU.ActiveCfg = Debug|Any CPU
		{AAF6516D-BF4D-4B86-AACC-DBE6223F05C5}.Debug|Any CPU.Build.0 = Debug|Any CPU
		{AAF6516D-BF4D-4B86-AACC-DBE6223F05C5}.Release|Any CPU.ActiveCfg = Release|Any CPU
		{AAF6516D-BF4D-4B86-AACC-DBE6223F05C5}.Release|Any CPU.Build.0 = Release|Any CPU
		{B1190FE1-7C49-43B4-A44D-76990E49BF7C}.Debug|Any CPU.ActiveCfg = Debug|Any CPU
		{B1190FE1-7C49-43B4-A44D-76990E49BF7C}.Debug|Any CPU.Build.0 = Debug|Any CPU
		{B1190FE1-7C49-43B4-A44D-76990E49BF7C}.Release|Any CPU.ActiveCfg = Release|Any CPU
		{B1190FE1-7C49-43B4-A44D-76990E49BF7C}.Release|Any CPU.Build.0 = Release|Any CPU
		{5746D999-0127-4584-A1AC-02EEFF97A7DE}.Debug|Any CPU.ActiveCfg = Debug|Any CPU
		{5746D999-0127-4584-A1AC-02EEFF97A7DE}.Debug|Any CPU.Build.0 = Debug|Any CPU
		{5746D999-0127-4584-A1AC-02EEFF97A7DE}.Release|Any CPU.ActiveCfg = Release|Any CPU
		{5746D999-0127-4584-A1AC-02EEFF97A7DE}.Release|Any CPU.Build.0 = Release|Any CPU
		{D48ABAA1-B558-4831-A933-AB4D004BDBEE}.Debug|Any CPU.ActiveCfg = Debug|Any CPU
		{D48ABAA1-B558-4831-A933-AB4D004BDBEE}.Debug|Any CPU.Build.0 = Debug|Any CPU
		{D48ABAA1-B558-4831-A933-AB4D004BDBEE}.Release|Any CPU.ActiveCfg = Release|Any CPU
		{D48ABAA1-B558-4831-A933-AB4D004BDBEE}.Release|Any CPU.Build.0 = Release|Any CPU
		{1CE6EC49-05A1-4079-84E3-62EEEB8E7872}.Debug|Any CPU.ActiveCfg = Debug|Any CPU
		{1CE6EC49-05A1-4079-84E3-62EEEB8E7872}.Debug|Any CPU.Build.0 = Debug|Any CPU
		{1CE6EC49-05A1-4079-84E3-62EEEB8E7872}.Release|Any CPU.ActiveCfg = Release|Any CPU
		{1CE6EC49-05A1-4079-84E3-62EEEB8E7872}.Release|Any CPU.Build.0 = Release|Any CPU
		{7AFF158B-FA88-41AA-B664-141628A9B18B}.Debug|Any CPU.ActiveCfg = Debug|Any CPU
		{7AFF158B-FA88-41AA-B664-141628A9B18B}.Debug|Any CPU.Build.0 = Debug|Any CPU
		{7AFF158B-FA88-41AA-B664-141628A9B18B}.Release|Any CPU.ActiveCfg = Release|Any CPU
		{7AFF158B-FA88-41AA-B664-141628A9B18B}.Release|Any CPU.Build.0 = Release|Any CPU
		{C8AA521A-73E3-41AC-A169-C93AED3DD25B}.Debug|Any CPU.ActiveCfg = Debug|Any CPU
		{C8AA521A-73E3-41AC-A169-C93AED3DD25B}.Debug|Any CPU.Build.0 = Debug|Any CPU
		{C8AA521A-73E3-41AC-A169-C93AED3DD25B}.Release|Any CPU.ActiveCfg = Release|Any CPU
		{C8AA521A-73E3-41AC-A169-C93AED3DD25B}.Release|Any CPU.Build.0 = Release|Any CPU
		{032E1202-BE5B-4158-B437-ACB0CB44DDAB}.Debug|Any CPU.ActiveCfg = Debug|Any CPU
		{032E1202-BE5B-4158-B437-ACB0CB44DDAB}.Debug|Any CPU.Build.0 = Debug|Any CPU
		{032E1202-BE5B-4158-B437-ACB0CB44DDAB}.Release|Any CPU.ActiveCfg = Release|Any CPU
		{032E1202-BE5B-4158-B437-ACB0CB44DDAB}.Release|Any CPU.Build.0 = Release|Any CPU
		{B50A57D6-5FFA-4CA7-AB34-AE4C335D9F4C}.Debug|Any CPU.ActiveCfg = Debug|Any CPU
		{B50A57D6-5FFA-4CA7-AB34-AE4C335D9F4C}.Debug|Any CPU.Build.0 = Debug|Any CPU
		{B50A57D6-5FFA-4CA7-AB34-AE4C335D9F4C}.Release|Any CPU.ActiveCfg = Release|Any CPU
		{B50A57D6-5FFA-4CA7-AB34-AE4C335D9F4C}.Release|Any CPU.Build.0 = Release|Any CPU
		{F54B19CB-9B71-42F1-BAA7-2E57CDC66B7E}.Debug|Any CPU.ActiveCfg = Debug|Any CPU
		{F54B19CB-9B71-42F1-BAA7-2E57CDC66B7E}.Debug|Any CPU.Build.0 = Debug|Any CPU
		{F54B19CB-9B71-42F1-BAA7-2E57CDC66B7E}.Release|Any CPU.ActiveCfg = Release|Any CPU
		{F54B19CB-9B71-42F1-BAA7-2E57CDC66B7E}.Release|Any CPU.Build.0 = Release|Any CPU
		{FF2B98AB-6C32-46DD-BE26-2C53B9E885AC}.Debug|Any CPU.ActiveCfg = Debug|Any CPU
		{FF2B98AB-6C32-46DD-BE26-2C53B9E885AC}.Debug|Any CPU.Build.0 = Debug|Any CPU
		{FF2B98AB-6C32-46DD-BE26-2C53B9E885AC}.Release|Any CPU.ActiveCfg = Release|Any CPU
		{FF2B98AB-6C32-46DD-BE26-2C53B9E885AC}.Release|Any CPU.Build.0 = Release|Any CPU
		{B484C8B5-990E-403A-83B0-C4BBBAAE338D}.Debug|Any CPU.ActiveCfg = Debug|Any CPU
		{B484C8B5-990E-403A-83B0-C4BBBAAE338D}.Debug|Any CPU.Build.0 = Debug|Any CPU
		{B484C8B5-990E-403A-83B0-C4BBBAAE338D}.Release|Any CPU.ActiveCfg = Release|Any CPU
		{B484C8B5-990E-403A-83B0-C4BBBAAE338D}.Release|Any CPU.Build.0 = Release|Any CPU
		{40310DBE-DF16-4468-AF2A-BF795956E207}.Debug|Any CPU.ActiveCfg = Debug|Any CPU
		{40310DBE-DF16-4468-AF2A-BF795956E207}.Debug|Any CPU.Build.0 = Debug|Any CPU
		{40310DBE-DF16-4468-AF2A-BF795956E207}.Release|Any CPU.ActiveCfg = Release|Any CPU
		{40310DBE-DF16-4468-AF2A-BF795956E207}.Release|Any CPU.Build.0 = Release|Any CPU
	EndGlobalSection
	GlobalSection(SolutionProperties) = preSolution
		HideSolutionNode = FALSE
	EndGlobalSection
	GlobalSection(NestedProjects) = preSolution
		{C8AA521A-73E3-41AC-A169-C93AED3DD25B} = {BF7EEA01-ACD6-40C2-B0CD-3D15117B9A2F}
		{032E1202-BE5B-4158-B437-ACB0CB44DDAB} = {BF7EEA01-ACD6-40C2-B0CD-3D15117B9A2F}
		{B50A57D6-5FFA-4CA7-AB34-AE4C335D9F4C} = {BF7EEA01-ACD6-40C2-B0CD-3D15117B9A2F}
		{F54B19CB-9B71-42F1-BAA7-2E57CDC66B7E} = {BF7EEA01-ACD6-40C2-B0CD-3D15117B9A2F}
		{FF2B98AB-6C32-46DD-BE26-2C53B9E885AC} = {BF7EEA01-ACD6-40C2-B0CD-3D15117B9A2F}
		{40310DBE-DF16-4468-AF2A-BF795956E207} = {BF7EEA01-ACD6-40C2-B0CD-3D15117B9A2F}
	EndGlobalSection
EndGlobal
